
Microsoft Visual Studio Solution File, Format Version 12.00
# Visual Studio 2013
VisualStudioVersion = 12.0.30110.0
MinimumVisualStudioVersion = 10.0.40219.1
Project("{FAE04EC0-301F-11D3-BF4B-00C04F79EFBC}") = "UnitTests", "UnitTests\UnitTests.csproj", "{F4973B99-7411-4332-BB7A-4BDA659789AE}"
EndProject
Project("{FAE04EC0-301F-11D3-BF4B-00C04F79EFBC}") = "WebForms", "WebForms\WebForms.csproj", "{FC7FB415-368E-4788-9C12-E787A5AAAA20}"
EndProject
Project("{2150E333-8FDC-42A3-9474-1A3956D46DE8}") = "Solution Items", "Solution Items", "{E125D5F8-5359-4A52-ABE6-3506CC1CAFB3}"
	ProjectSection(SolutionItems) = preProject
		Readme.txt = Readme.txt
	EndProjectSection
EndProject
Project("{FAE04EC0-301F-11D3-BF4B-00C04F79EFBC}") = "MVC", "MVC\MVC.csproj", "{BF4793BB-53E6-4F2C-9010-5FF85B264CAB}"
EndProject
Global
	GlobalSection(SolutionConfigurationPlatforms) = preSolution
		Debug|Any CPU = Debug|Any CPU
		Release|Any CPU = Release|Any CPU
	EndGlobalSection
	GlobalSection(ProjectConfigurationPlatforms) = postSolution
		{F4973B99-7411-4332-BB7A-4BDA659789AE}.Debug|Any CPU.ActiveCfg = Debug|Any CPU
		{F4973B99-7411-4332-BB7A-4BDA659789AE}.Debug|Any CPU.Build.0 = Debug|Any CPU
		{F4973B99-7411-4332-BB7A-4BDA659789AE}.Release|Any CPU.ActiveCfg = Release|Any CPU
		{F4973B99-7411-4332-BB7A-4BDA659789AE}.Release|Any CPU.Build.0 = Release|Any CPU
		{FC7FB415-368E-4788-9C12-E787A5AAAA20}.Debug|Any CPU.ActiveCfg = Debug|Any CPU
		{FC7FB415-368E-4788-9C12-E787A5AAAA20}.Debug|Any CPU.Build.0 = Debug|Any CPU
		{FC7FB415-368E-4788-9C12-E787A5AAAA20}.Release|Any CPU.ActiveCfg = Release|Any CPU
		{FC7FB415-368E-4788-9C12-E787A5AAAA20}.Release|Any CPU.Build.0 = Release|Any CPU
		{BF4793BB-53E6-4F2C-9010-5FF85B264CAB}.Debug|Any CPU.ActiveCfg = Debug|Any CPU
		{BF4793BB-53E6-4F2C-9010-5FF85B264CAB}.Debug|Any CPU.Build.0 = Debug|Any CPU
		{BF4793BB-53E6-4F2C-9010-5FF85B264CAB}.Release|Any CPU.ActiveCfg = Release|Any CPU
		{BF4793BB-53E6-4F2C-9010-5FF85B264CAB}.Release|Any CPU.Build.0 = Release|Any CPU
	EndGlobalSection
	GlobalSection(SolutionProperties) = preSolution
		HideSolutionNode = FALSE
	EndGlobalSection
EndGlobal
